
Microsoft Visual Studio Solution File, Format Version 12.00
# Visual Studio Version 17
VisualStudioVersion = 17.2.32630.192
MinimumVisualStudioVersion = 10.0.40219.1
Project("{8BC9CEB8-8B4A-11D0-8D11-00A0C91BC942}") = "axe-engine", "axe-engine\axe-engine.vcxproj", "{AF51304E-DD6C-4DEB-9255-7E90779EBEFB}"
EndProject
Global
	GlobalSection(SolutionConfigurationPlatforms) = preSolution
		Debug|x64 = Debug|x64
		Release|x64 = Release|x64
	EndGlobalSection
	GlobalSection(ProjectConfigurationPlatforms) = postSolution
		{AF51304E-DD6C-4DEB-9255-7E90779EBEFB}.Debug|x64.ActiveCfg = Debug|x64
		{AF51304E-DD6C-4DEB-9255-7E90779EBEFB}.Debug|x64.Build.0 = Debug|x64
		{AF51304E-DD6C-4DEB-9255-7E90779EBEFB}.Release|x64.ActiveCfg = Release|x64
		{AF51304E-DD6C-4DEB-9255-7E90779EBEFB}.Release|x64.Build.0 = Release|x64
	EndGlobalSection
	GlobalSection(SolutionProperties) = preSolution
		HideSolutionNode = FALSE
	EndGlobalSection
	GlobalSection(ExtensibilityGlobals) = postSolution
		SolutionGuid = {B412FD31-785F-4F69-ADA6-D6DCBE88DC0A}
	EndGlobalSection
EndGlobal
